{
  "requires": true,
  "lockfileVersion": 1,
  "dependencies": {
    "mapvgl": {
      "version": "1.0.0-beta.62",
      "resolved": "https://registry.npmjs.org/mapvgl/-/mapvgl-1.0.0-beta.62.tgz",
      "integrity": "sha512-AeM76Pz4UCeM8f9DYimPSDpZSneYv6vLxkJhtWUVix9wgyhnL0f+dsRQf4GQIuhrd1Zgw6jpOfQ0hNr38wHF6A=="
    }
  }
}
